
Microsoft Visual Studio Solution File, Format Version 11.00
# Visual Studio 2010
Project("{FAE04EC0-301F-11D3-BF4B-00C04F79EFBC}") = "DojoFila_Novo", "DojoFila_Novo\DojoFila_Novo.csproj", "{4FFA4A81-B289-4110-9D38-EA5437DF9D67}"
EndProject
Global
	GlobalSection(SolutionConfigurationPlatforms) = preSolution
		Debug|x86 = Debug|x86
		Release|x86 = Release|x86
	EndGlobalSection
	GlobalSection(ProjectConfigurationPlatforms) = postSolution
		{4FFA4A81-B289-4110-9D38-EA5437DF9D67}.Debug|x86.ActiveCfg = Debug|x86
		{4FFA4A81-B289-4110-9D38-EA5437DF9D67}.Debug|x86.Build.0 = Debug|x86
		{4FFA4A81-B289-4110-9D38-EA5437DF9D67}.Release|x86.ActiveCfg = Release|x86
		{4FFA4A81-B289-4110-9D38-EA5437DF9D67}.Release|x86.Build.0 = Release|x86
	EndGlobalSection
	GlobalSection(SolutionProperties) = preSolution
		HideSolutionNode = FALSE
	EndGlobalSection
EndGlobal
